# THIS IS AN AUTOGENERATED FILE. DO NOT EDIT THIS FILE DIRECTLY.
# yarn lockfile v1


discord-api-types@^0.37.20:
  version "0.37.20"
  resolved "https://registry.yarnpkg.com/discord-api-types/-/discord-api-types-0.37.20.tgz#f23894e3e6b894abb5431ff6c4aa52471360377c"
  integrity sha512-uAO+55E11rMkYR36/paE1vKN8c2bZa1mgrIaiQIBgIZRKZTDIGOZB+8I5eMRPFJcGxrg16riUu+0aTu2JQEPew==
