# THIS IS AN AUTOGENERATED FILE. DO NOT EDIT THIS FILE DIRECTLY.
# yarn lockfile v1


"@types/node@^18.11.9":
  version "18.11.9"
  resolved "https://registry.yarnpkg.com/@types/node/-/node-18.11.9.tgz#02d013de7058cea16d36168ef2fc653464cfbad4"
  integrity sha512-CRpX21/kGdzjOpFsZSkcrXMGIBWMGNIHXXBVFSH+ggkftxg+XYP20TESbh+zFvFj3EQOl5byk0HTRn1IL6hbqg==

discord-api-types@^0.37.20:
  version "0.37.20"
  resolved "https://registry.yarnpkg.com/discord-api-types/-/discord-api-types-0.37.20.tgz#f23894e3e6b894abb5431ff6c4aa52471360377c"
  integrity sha512-uAO+55E11rMkYR36/paE1vKN8c2bZa1mgrIaiQIBgIZRKZTDIGOZB+8I5eMRPFJcGxrg16riUu+0aTu2JQEPew==

dotenv@^16.0.3:
  version "16.0.3"
  resolved "https://registry.yarnpkg.com/dotenv/-/dotenv-16.0.3.tgz#115aec42bac5053db3c456db30cc243a5a836a07"
  integrity sha512-7GO6HghkA5fYG9TYnNxi14/7K9f5occMlp3zXAuSxn7CKCxt9xbNWG7yF8hTCSUchlfWSe3uLmlPfigevRItzQ==
